// !$*UTF8*$!
{
	archiveVersion = 1;
	classes = {
	};
	objectVersion = 55;
	objects = {

/* Begin PBXBuildFile section */
		715DC7D22852056000A5DAAF /* AppDelegate.swift in Sources */ = {isa = PBXBuildFile; fileRef = 715DC7D12852056000A5DAAF /* AppDelegate.swift */; };
		715DC7D42852056000A5DAAF /* SceneDelegate.swift in Sources */ = {isa = PBXBuildFile; fileRef = 715DC7D32852056000A5DAAF /* SceneDelegate.swift */; };
		715DC7DB2852056100A5DAAF /* Assets.xcassets in Resources */ = {isa = PBXBuildFile; fileRef = 715DC7DA2852056100A5DAAF /* Assets.xcassets */; };
		715DC7DE2852056100A5DAAF /* LaunchScreen.storyboard in Resources */ = {isa = PBXBuildFile; fileRef = 715DC7DC2852056100A5DAAF /* LaunchScreen.storyboard */; };
		715DC7E62852084E00A5DAAF /* TDLHomeController.swift in Sources */ = {isa = PBXBuildFile; fileRef = 715DC7E52852084E00A5DAAF /* TDLHomeController.swift */; };
		715DC7EA28520AF900A5DAAF /* TDLBaseViewController.swift in Sources */ = {isa = PBXBuildFile; fileRef = 715DC7E928520AF900A5DAAF /* TDLBaseViewController.swift */; };
		715DC7EC28520B1700A5DAAF /* TDLBaseTVController.swift in Sources */ = {isa = PBXBuildFile; fileRef = 715DC7EB28520B1700A5DAAF /* TDLBaseTVController.swift */; };
		715DC7F32852F11100A5DAAF /* TDLBaseNavController.swift in Sources */ = {isa = PBXBuildFile; fileRef = 715DC7F22852F11100A5DAAF /* TDLBaseNavController.swift */; };
/* End PBXBuildFile section */

/* Begin PBXFileReference section */
		715DC7CE2852056000A5DAAF /* TodoList.app */ = {isa = PBXFileReference; explicitFileType = wrapper.application; includeInIndex = 0; path = TodoList.app; sourceTree = BUILT_PRODUCTS_DIR; };
		715DC7D12852056000A5DAAF /* AppDelegate.swift */ = {isa = PBXFileReference; lastKnownFileType = sourcecode.swift; path = AppDelegate.swift; sourceTree = "<group>"; };
		715DC7D32852056000A5DAAF /* SceneDelegate.swift */ = {isa = PBXFileReference; lastKnownFileType = sourcecode.swift; path = SceneDelegate.swift; sourceTree = "<group>"; };
		715DC7DA2852056100A5DAAF /* Assets.xcassets */ = {isa = PBXFileReference; lastKnownFileType = folder.assetcatalog; path = Assets.xcassets; sourceTree = "<group>"; };
		715DC7DD2852056100A5DAAF /* Base */ = {isa = PBXFileReference; lastKnownFileType = file.storyboard; name = Base; path = Base.lproj/LaunchScreen.storyboard; sourceTree = "<group>"; };
		715DC7DF2852056100A5DAAF /* Info.plist */ = {isa = PBXFileReference; lastKnownFileType = text.plist.xml; path = Info.plist; sourceTree = "<group>"; };
		715DC7E52852084E00A5DAAF /* TDLHomeController.swift */ = {isa = PBXFileReference; lastKnownFileType = sourcecode.swift; path = TDLHomeController.swift; sourceTree = "<group>"; };
		715DC7E928520AF900A5DAAF /* TDLBaseViewController.swift */ = {isa = PBXFileReference; lastKnownFileType = sourcecode.swift; path = TDLBaseViewController.swift; sourceTree = "<group>"; };
		715DC7EB28520B1700A5DAAF /* TDLBaseTVController.swift */ = {isa = PBXFileReference; lastKnownFileType = sourcecode.swift; path = TDLBaseTVController.swift; sourceTree = "<group>"; };
		715DC7F22852F11100A5DAAF /* TDLBaseNavController.swift */ = {isa = PBXFileReference; lastKnownFileType = sourcecode.swift; path = TDLBaseNavController.swift; sourceTree = "<group>"; };
/* End PBXFileReference section */

/* Begin PBXFrameworksBuildPhase section */
		715DC7CB2852056000A5DAAF /* Frameworks */ = {
			isa = PBXFrameworksBuildPhase;
			buildActionMask = 2147483647;
			files = (
			);
			runOnlyForDeploymentPostprocessing = 0;
		};
/* End PBXFrameworksBuildPhase section */

/* Begin PBXGroup section */
		715DC7C52852056000A5DAAF = {
			isa = PBXGroup;
			children = (
				715DC7D02852056000A5DAAF /* TodoList */,
				715DC7CF2852056000A5DAAF /* Products */,
			);
			sourceTree = "<group>";
		};
		715DC7CF2852056000A5DAAF /* Products */ = {
			isa = PBXGroup;
			children = (
				715DC7CE2852056000A5DAAF /* TodoList.app */,
			);
			name = Products;
			sourceTree = "<group>";
		};
		715DC7D02852056000A5DAAF /* TodoList */ = {
			isa = PBXGroup;
			children = (
				715DC7E728520AB900A5DAAF /* AppDelegate */,
				715DC7E828520ADC00A5DAAF /* Base */,
				715DC7EF28520B5B00A5DAAF /* Modules */,
				715DC7ED28520B3800A5DAAF /* Define */,
				715DC7EE28520B4E00A5DAAF /* Utils */,
				715DC7F128520B9500A5DAAF /* Supporting Files */,
			);
			path = TodoList;
			sourceTree = "<group>";
		};
		715DC7E728520AB900A5DAAF /* AppDelegate */ = {
			isa = PBXGroup;
			children = (
				715DC7D12852056000A5DAAF /* AppDelegate.swift */,
				715DC7D32852056000A5DAAF /* SceneDelegate.swift */,
			);
			path = AppDelegate;
			sourceTree = "<group>";
		};
		715DC7E828520ADC00A5DAAF /* Base */ = {
			isa = PBXGroup;
			children = (
				715DC7E928520AF900A5DAAF /* TDLBaseViewController.swift */,
				715DC7EB28520B1700A5DAAF /* TDLBaseTVController.swift */,
				715DC7F22852F11100A5DAAF /* TDLBaseNavController.swift */,
			);
			path = Base;
			sourceTree = "<group>";
		};
		715DC7ED28520B3800A5DAAF /* Define */ = {
			isa = PBXGroup;
			children = (
			);
			path = Define;
			sourceTree = "<group>";
		};
		715DC7EE28520B4E00A5DAAF /* Utils */ = {
			isa = PBXGroup;
			children = (
			);
			path = Utils;
			sourceTree = "<group>";
		};
		715DC7EF28520B5B00A5DAAF /* Modules */ = {
			isa = PBXGroup;
			children = (
				715DC7E52852084E00A5DAAF /* TDLHomeController.swift */,
			);
			path = Modules;
			sourceTree = "<group>";
		};
		715DC7F128520B9500A5DAAF /* Supporting Files */ = {
			isa = PBXGroup;
			children = (
				715DC7DA2852056100A5DAAF /* Assets.xcassets */,
				715DC7DC2852056100A5DAAF /* LaunchScreen.storyboard */,
				715DC7DF2852056100A5DAAF /* Info.plist */,
			);
			name = "Supporting Files";
			sourceTree = "<group>";
		};
/* End PBXGroup section */

/* Begin PBXNativeTarget section */
		715DC7CD2852056000A5DAAF /* TodoList */ = {
			isa = PBXNativeTarget;
			buildConfigurationList = 715DC7E22852056100A5DAAF /* Build configuration list for PBXNativeTarget "TodoList" */;
			buildPhases = (
				715DC7CA2852056000A5DAAF /* Sources */,
				715DC7CB2852056000A5DAAF /* Frameworks */,
				715DC7CC2852056000A5DAAF /* Resources */,
			);
			buildRules = (
			);
			dependencies = (
			);
			name = TodoList;
			productName = TodoList;
			productReference = 715DC7CE2852056000A5DAAF /* TodoList.app */;
			productType = "com.apple.product-type.application";
		};
/* End PBXNativeTarget section */

/* Begin PBXProject section */
		715DC7C62852056000A5DAAF /* Project object */ = {
			isa = PBXProject;
			attributes = {
				BuildIndependentTargetsInParallel = 1;
				CLASSPREFIX = TDL;
				LastSwiftUpdateCheck = 1340;
				LastUpgradeCheck = 1340;
				TargetAttributes = {
					715DC7CD2852056000A5DAAF = {
						CreatedOnToolsVersion = 13.4.1;
					};
				};
			};
			buildConfigurationList = 715DC7C92852056000A5DAAF /* Build configuration list for PBXProject "TodoList" */;
			compatibilityVersion = "Xcode 13.0";
			developmentRegion = en;
			hasScannedForEncodings = 0;
			knownRegions = (
				en,
				Base,
			);
			mainGroup = 715DC7C52852056000A5DAAF;
			productRefGroup = 715DC7CF2852056000A5DAAF /* Products */;
			projectDirPath = "";
			projectRoot = "";
			targets = (
				715DC7CD2852056000A5DAAF /* TodoList */,
			);
		};
/* End PBXProject section */

/* Begin PBXResourcesBuildPhase section */
		715DC7CC2852056000A5DAAF /* Resources */ = {
			isa = PBXResourcesBuildPhase;
			buildActionMask = 2147483647;
			files = (
				715DC7DE2852056100A5DAAF /* LaunchScreen.storyboard in Resources */,
				715DC7DB2852056100A5DAAF /* Assets.xcassets in Resources */,
			);
			runOnlyForDeploymentPostprocessing = 0;
		};
/* End PBXResourcesBuildPhase section */

/* Begin PBXSourcesBuildPhase section */
		715DC7CA2852056000A5DAAF /* Sources */ = {
			isa = PBXSourcesBuildPhase;
			buildActionMask = 2147483647;
			files = (
				715DC7EA28520AF900A5DAAF /* TDLBaseViewController.swift in Sources */,
				715DC7EC28520B1700A5DAAF /* TDLBaseTVController.swift in Sources */,
				715DC7D22852056000A5DAAF /* AppDelegate.swift in Sources */,
				715DC7F32852F11100A5DAAF /* TDLBaseNavController.swift in Sources */,
				715DC7D42852056000A5DAAF /* SceneDelegate.swift in Sources */,
				715DC7E62852084E00A5DAAF /* TDLHomeController.swift in Sources */,
			);
			runOnlyForDeploymentPostprocessing = 0;
		};
/* End PBXSourcesBuildPhase section */

/* Begin PBXVariantGroup section */
		715DC7DC2852056100A5DAAF /* LaunchScreen.storyboard */ = {
			isa = PBXVariantGroup;
			children = (
				715DC7DD2852056100A5DAAF /* Base */,
			);
			name = LaunchScreen.storyboard;
			sourceTree = "<group>";
		};
/* End PBXVariantGroup section */

/* Begin XCBuildConfiguration section */
		715DC7E02852056100A5DAAF /* Debug */ = {
			isa = XCBuildConfiguration;
			buildSettings = {
				ALWAYS_SEARCH_USER_PATHS = NO;
				CLANG_ANALYZER_NONNULL = YES;
				CLANG_ANALYZER_NUMBER_OBJECT_CONVERSION = YES_AGGRESSIVE;
				CLANG_CXX_LANGUAGE_STANDARD = "gnu++17";
				CLANG_ENABLE_MODULES = YES;
				CLANG_ENABLE_OBJC_ARC = YES;
				CLANG_ENABLE_OBJC_WEAK = YES;
				CLANG_WARN_BLOCK_CAPTURE_AUTORELEASING = YES;
				CLANG_WARN_BOOL_CONVERSION = YES;
				CLANG_WARN_COMMA = YES;
				CLANG_WARN_CONSTANT_CONVERSION = YES;
				CLANG_WARN_DEPRECATED_OBJC_IMPLEMENTATIONS = YES;
				CLANG_WARN_DIRECT_OBJC_ISA_USAGE = YES_ERROR;
				CLANG_WARN_DOCUMENTATION_COMMENTS = YES;
				CLANG_WARN_EMPTY_BODY = YES;
				CLANG_WARN_ENUM_CONVERSION = YES;
				CLANG_WARN_INFINITE_RECURSION = YES;
				CLANG_WARN_INT_CONVERSION = YES;
				CLANG_WARN_NON_LITERAL_NULL_CONVERSION = YES;
				CLANG_WARN_OBJC_IMPLICIT_RETAIN_SELF = YES;
				CLANG_WARN_OBJC_LITERAL_CONVERSION = YES;
				CLANG_WARN_OBJC_ROOT_CLASS = YES_ERROR;
				CLANG_WARN_QUOTED_INCLUDE_IN_FRAMEWORK_HEADER = YES;
				CLANG_WARN_RANGE_LOOP_ANALYSIS = YES;
				CLANG_WARN_STRICT_PROTOTYPES = YES;
				CLANG_WARN_SUSPICIOUS_MOVE = YES;
				CLANG_WARN_UNGUARDED_AVAILABILITY = YES_AGGRESSIVE;
				CLANG_WARN_UNREACHABLE_CODE = YES;
				CLANG_WARN__DUPLICATE_METHOD_MATCH = YES;
				COPY_PHASE_STRIP = NO;
				DEBUG_INFORMATION_FORMAT = dwarf;
				ENABLE_STRICT_OBJC_MSGSEND = YES;
				ENABLE_TESTABILITY = YES;
				GCC_C_LANGUAGE_STANDARD = gnu11;
				GCC_DYNAMIC_NO_PIC = NO;
				GCC_NO_COMMON_BLOCKS = YES;
				GCC_OPTIMIZATION_LEVEL = 0;
				GCC_PREPROCESSOR_DEFINITIONS = (
					"DEBUG=1",
					"$(inherited)",
				);
				GCC_WARN_64_TO_32_BIT_CONVERSION = YES;
				GCC_WARN_ABOUT_RETURN_TYPE = YES_ERROR;
				GCC_WARN_UNDECLARED_SELECTOR = YES;
				GCC_WARN_UNINITIALIZED_AUTOS = YES_AGGRESSIVE;
				GCC_WARN_UNUSED_FUNCTION = YES;
				GCC_WARN_UNUSED_VARIABLE = YES;
				IPHONEOS_DEPLOYMENT_TARGET = 15.5;
				MTL_ENABLE_DEBUG_INFO = INCLUDE_SOURCE;
				MTL_FAST_MATH = YES;
				ONLY_ACTIVE_ARCH = YES;
				SDKROOT = iphoneos;
				SWIFT_ACTIVE_COMPILATION_CONDITIONS = DEBUG;
				SWIFT_OPTIMIZATION_LEVEL = "-Onone";
			};
			name = Debug;
		};
		715DC7E12852056100A5DAAF /* Release */ = {
			isa = XCBuildConfiguration;
			buildSettings = {
				ALWAYS_SEARCH_USER_PATHS = NO;
				CLANG_ANALYZER_NONNULL = YES;
				CLANG_ANALYZER_NUMBER_OBJECT_CONVERSION = YES_AGGRESSIVE;
				CLANG_CXX_LANGUAGE_STANDARD = "gnu++17";
				CLANG_ENABLE_MODULES = YES;
				CLANG_ENABLE_OBJC_ARC = YES;
				CLANG_ENABLE_OBJC_WEAK = YES;
				CLANG_WARN_BLOCK_CAPTURE_AUTORELEASING = YES;
				CLANG_WARN_BOOL_CONVERSION = YES;
				CLANG_WARN_COMMA = YES;
				CLANG_WARN_CONSTANT_CONVERSION = YES;
				CLANG_WARN_DEPRECATED_OBJC_IMPLEMENTATIONS = YES;
				CLANG_WARN_DIRECT_OBJC_ISA_USAGE = YES_ERROR;
				CLANG_WARN_DOCUMENTATION_COMMENTS = YES;
				CLANG_WARN_EMPTY_BODY = YES;
				CLANG_WARN_ENUM_CONVERSION = YES;
				CLANG_WARN_INFINITE_RECURSION = YES;
				CLANG_WARN_INT_CONVERSION = YES;
				CLANG_WARN_NON_LITERAL_NULL_CONVERSION = YES;
				CLANG_WARN_OBJC_IMPLICIT_RETAIN_SELF = YES;
				CLANG_WARN_OBJC_LITERAL_CONVERSION = YES;
				CLANG_WARN_OBJC_ROOT_CLASS = YES_ERROR;
				CLANG_WARN_QUOTED_INCLUDE_IN_FRAMEWORK_HEADER = YES;
				CLANG_WARN_RANGE_LOOP_ANALYSIS = YES;
				CLANG_WARN_STRICT_PROTOTYPES = YES;
				CLANG_WARN_SUSPICIOUS_MOVE = YES;
				CLANG_WARN_UNGUARDED_AVAILABILITY = YES_AGGRESSIVE;
				CLANG_WARN_UNREACHABLE_CODE = YES;
				CLANG_WARN__DUPLICATE_METHOD_MATCH = YES;
				COPY_PHASE_STRIP = NO;
				DEBUG_INFORMATION_FORMAT = "dwarf-with-dsym";
				ENABLE_NS_ASSERTIONS = NO;
				ENABLE_STRICT_OBJC_MSGSEND = YES;
				GCC_C_LANGUAGE_STANDARD = gnu11;
				GCC_NO_COMMON_BLOCKS = YES;
				GCC_WARN_64_TO_32_BIT_CONVERSION = YES;
				GCC_WARN_ABOUT_RETURN_TYPE = YES_ERROR;
				GCC_WARN_UNDECLARED_SELECTOR = YES;
				GCC_WARN_UNINITIALIZED_AUTOS = YES_AGGRESSIVE;
				GCC_WARN_UNUSED_FUNCTION = YES;
				GCC_WARN_UNUSED_VARIABLE = YES;
				IPHONEOS_DEPLOYMENT_TARGET = 15.5;
				MTL_ENABLE_DEBUG_INFO = NO;
				MTL_FAST_MATH = YES;
				SDKROOT = iphoneos;
				SWIFT_COMPILATION_MODE = wholemodule;
				SWIFT_OPTIMIZATION_LEVEL = "-O";
				VALIDATE_PRODUCT = YES;
			};
			name = Release;
		};
		715DC7E32852056100A5DAAF /* Debug */ = {
			isa = XCBuildConfiguration;
			buildSettings = {
				ASSETCATALOG_COMPILER_APPICON_NAME = AppIcon;
				ASSETCATALOG_COMPILER_GLOBAL_ACCENT_COLOR_NAME = AccentColor;
				CODE_SIGN_STYLE = Automatic;
				CURRENT_PROJECT_VERSION = 1;
				DEVELOPMENT_TEAM = AWC2HF8D33;
				GENERATE_INFOPLIST_FILE = YES;
				INFOPLIST_FILE = TodoList/Info.plist;
				INFOPLIST_KEY_UIApplicationSupportsIndirectInputEvents = YES;
				INFOPLIST_KEY_UILaunchStoryboardName = LaunchScreen;
				INFOPLIST_KEY_UISupportedInterfaceOrientations_iPad = "UIInterfaceOrientationPortrait UIInterfaceOrientationPortraitUpsideDown UIInterfaceOrientationLandscapeLeft UIInterfaceOrientationLandscapeRight";
				INFOPLIST_KEY_UISupportedInterfaceOrientations_iPhone = "UIInterfaceOrientationPortrait UIInterfaceOrientationLandscapeLeft UIInterfaceOrientationLandscapeRight";
				LD_RUNPATH_SEARCH_PATHS = (
					"$(inherited)",
					"@executable_path/Frameworks",
				);
				MARKETING_VERSION = 1.0;
				PRODUCT_BUNDLE_IDENTIFIER = Sunnn.TodoList;
				PRODUCT_NAME = "$(TARGET_NAME)";
				SWIFT_EMIT_LOC_STRINGS = YES;
				SWIFT_VERSION = 5.0;
				TARGETED_DEVICE_FAMILY = "1,2";
			};
			name = Debug;
		};
		715DC7E42852056100A5DAAF /* Release */ = {
			isa = XCBuildConfiguration;
			buildSettings = {
				ASSETCATALOG_COMPILER_APPICON_NAME = AppIcon;
				ASSETCATALOG_COMPILER_GLOBAL_ACCENT_COLOR_NAME = AccentColor;
				CODE_SIGN_STYLE = Automatic;
				CURRENT_PROJECT_VERSION = 1;
				DEVELOPMENT_TEAM = AWC2HF8D33;
				GENERATE_INFOPLIST_FILE = YES;
				INFOPLIST_FILE = TodoList/Info.plist;
				INFOPLIST_KEY_UIApplicationSupportsIndirectInputEvents = YES;
				INFOPLIST_KEY_UILaunchStoryboardName = LaunchScreen;
				INFOPLIST_KEY_UISupportedInterfaceOrientations_iPad = "UIInterfaceOrientationPortrait UIInterfaceOrientationPortraitUpsideDown UIInterfaceOrientationLandscapeLeft UIInterfaceOrientationLandscapeRight";
				INFOPLIST_KEY_UISupportedInterfaceOrientations_iPhone = "UIInterfaceOrientationPortrait UIInterfaceOrientationLandscapeLeft UIInterfaceOrientationLandscapeRight";
				LD_RUNPATH_SEARCH_PATHS = (
					"$(inherited)",
					"@executable_path/Frameworks",
				);
				MARKETING_VERSION = 1.0;
				PRODUCT_BUNDLE_IDENTIFIER = Sunnn.TodoList;
				PRODUCT_NAME = "$(TARGET_NAME)";
				SWIFT_EMIT_LOC_STRINGS = YES;
				SWIFT_VERSION = 5.0;
				TARGETED_DEVICE_FAMILY = "1,2";
			};
			name = Release;
		};
/* End XCBuildConfiguration section */

/* Begin XCConfigurationList section */
		715DC7C92852056000A5DAAF /* Build configuration list for PBXProject "TodoList" */ = {
			isa = XCConfigurationList;
			buildConfigurations = (
				715DC7E02852056100A5DAAF /* Debug */,
				715DC7E12852056100A5DAAF /* Release */,
			);
			defaultConfigurationIsVisible = 0;
			defaultConfigurationName = Release;
		};
		715DC7E22852056100A5DAAF /* Build configuration list for PBXNativeTarget "TodoList" */ = {
			isa = XCConfigurationList;
			buildConfigurations = (
				715DC7E32852056100A5DAAF /* Debug */,
				715DC7E42852056100A5DAAF /* Release */,
			);
			defaultConfigurationIsVisible = 0;
			defaultConfigurationName = Release;
		};
/* End XCConfigurationList section */
	};
	rootObject = 715DC7C62852056000A5DAAF /* Project object */;
}
